
Microsoft Visual Studio Solution File, Format Version 12.00
# Visual Studio Version 16
VisualStudioVersion = 16.0.31702.278
MinimumVisualStudioVersion = 10.0.40219.1
Project("{FAE04EC0-301F-11D3-BF4B-00C04F79EFBC}") = "ChemicalApp", "L1Project\ChemicalApp.csproj", "{BD0C1A04-21C9-483F-A3EB-6001095D4E76}"
EndProject
Global
	GlobalSection(SolutionConfigurationPlatforms) = preSolution
		Debug|Any CPU = Debug|Any CPU
		Release|Any CPU = Release|Any CPU
	EndGlobalSection
	GlobalSection(ProjectConfigurationPlatforms) = postSolution
		{BD0C1A04-21C9-483F-A3EB-6001095D4E76}.Debug|Any CPU.ActiveCfg = Debug|Any CPU
		{BD0C1A04-21C9-483F-A3EB-6001095D4E76}.Debug|Any CPU.Build.0 = Debug|Any CPU
		{BD0C1A04-21C9-483F-A3EB-6001095D4E76}.Release|Any CPU.ActiveCfg = Release|Any CPU
		{BD0C1A04-21C9-483F-A3EB-6001095D4E76}.Release|Any CPU.Build.0 = Release|Any CPU
	EndGlobalSection
	GlobalSection(SolutionProperties) = preSolution
		HideSolutionNode = FALSE
	EndGlobalSection
	GlobalSection(ExtensibilityGlobals) = postSolution
		SolutionGuid = {B677EF89-2B62-45A6-9511-4C1D96BD9FBF}
	EndGlobalSection
EndGlobal
